// !$*UTF8*$!
{
	archiveVersion = 1;
	classes = {
	};
	objectVersion = 55;
	objects = {

/* Begin PBXBuildFile section */
		2A5936BB281FB68800E0E3BE /* AppAlert.swift in Sources */ = {isa = PBXBuildFile; fileRef = 2A5936BA281FB68800E0E3BE /* AppAlert.swift */; };
		2A60FDB6281F5D5500AA1205 /* WebViewModel.swift in Sources */ = {isa = PBXBuildFile; fileRef = 2A60FDB5281F5D5500AA1205 /* WebViewModel.swift */; };
		2AF5508A2818BFCA00D6FBA1 /* WebViewConfig.swift in Sources */ = {isa = PBXBuildFile; fileRef = 2AF550892818BFCA00D6FBA1 /* WebViewConfig.swift */; };
		2AF5508C2818C02000D6FBA1 /* WebViewScriptMessageHandler.swift in Sources */ = {isa = PBXBuildFile; fileRef = 2AF5508B2818C02000D6FBA1 /* WebViewScriptMessageHandler.swift */; };
		2AF5508E2818C0B200D6FBA1 /* WebViewNavigationDelegate.swift in Sources */ = {isa = PBXBuildFile; fileRef = 2AF5508D2818C0B200D6FBA1 /* WebViewNavigationDelegate.swift */; };
		2AF550902818C0E600D6FBA1 /* WebViewUIDelegate.swift in Sources */ = {isa = PBXBuildFile; fileRef = 2AF5508F2818C0E600D6FBA1 /* WebViewUIDelegate.swift */; };
		2AF5509A2818CAFB00D6FBA1 /* index.html in Resources */ = {isa = PBXBuildFile; fileRef = 2AF550992818CAFB00D6FBA1 /* index.html */; };
		D87B9031281FFEF500DF8CF1 /* FirebaseAnalytics in Frameworks */ = {isa = PBXBuildFile; productRef = D87B9030281FFEF500DF8CF1 /* FirebaseAnalytics */; };
		D87B9033281FFEF500DF8CF1 /* FirebaseMessaging in Frameworks */ = {isa = PBXBuildFile; productRef = D87B9032281FFEF500DF8CF1 /* FirebaseMessaging */; };
		D87B90362820001800DF8CF1 /* GoogleService-Info-dev.plist in Resources */ = {isa = PBXBuildFile; fileRef = D87B90352820001800DF8CF1 /* GoogleService-Info-dev.plist */; };
		D87B903C2820125300DF8CF1 /* GoogleService-Info-prod.plist in Resources */ = {isa = PBXBuildFile; fileRef = D87B903B2820125200DF8CF1 /* GoogleService-Info-prod.plist */; };
		D8F8952B28180FA7006BB149 /* HybridWebApp.swift in Sources */ = {isa = PBXBuildFile; fileRef = D8F8952A28180FA7006BB149 /* HybridWebApp.swift */; };
		D8F8952D28180FA7006BB149 /* ContentView.swift in Sources */ = {isa = PBXBuildFile; fileRef = D8F8952C28180FA7006BB149 /* ContentView.swift */; };
		D8F8952F28180FA9006BB149 /* Assets.xcassets in Resources */ = {isa = PBXBuildFile; fileRef = D8F8952E28180FA9006BB149 /* Assets.xcassets */; };
		D8F8953228180FA9006BB149 /* Preview Assets.xcassets in Resources */ = {isa = PBXBuildFile; fileRef = D8F8953128180FA9006BB149 /* Preview Assets.xcassets */; };
		D8F8953928180FD1006BB149 /* MainWebView.swift in Sources */ = {isa = PBXBuildFile; fileRef = D8F8953828180FD1006BB149 /* MainWebView.swift */; };
/* End PBXBuildFile section */

/* Begin PBXFileReference section */
		2A5936BA281FB68800E0E3BE /* AppAlert.swift */ = {isa = PBXFileReference; lastKnownFileType = sourcecode.swift; path = AppAlert.swift; sourceTree = "<group>"; };
		2A60FDB3281A87EC00AA1205 /* Info.plist */ = {isa = PBXFileReference; lastKnownFileType = text.plist; path = Info.plist; sourceTree = "<group>"; };
		2A60FDB4281F55E000AA1205 /* README.md */ = {isa = PBXFileReference; lastKnownFileType = net.daringfireball.markdown; path = README.md; sourceTree = "<group>"; };
		2A60FDB5281F5D5500AA1205 /* WebViewModel.swift */ = {isa = PBXFileReference; lastKnownFileType = sourcecode.swift; path = WebViewModel.swift; sourceTree = "<group>"; };
		2AF550892818BFCA00D6FBA1 /* WebViewConfig.swift */ = {isa = PBXFileReference; lastKnownFileType = sourcecode.swift; path = WebViewConfig.swift; sourceTree = "<group>"; };
		2AF5508B2818C02000D6FBA1 /* WebViewScriptMessageHandler.swift */ = {isa = PBXFileReference; lastKnownFileType = sourcecode.swift; path = WebViewScriptMessageHandler.swift; sourceTree = "<group>"; };
		2AF5508D2818C0B200D6FBA1 /* WebViewNavigationDelegate.swift */ = {isa = PBXFileReference; lastKnownFileType = sourcecode.swift; path = WebViewNavigationDelegate.swift; sourceTree = "<group>"; };
		2AF5508F2818C0E600D6FBA1 /* WebViewUIDelegate.swift */ = {isa = PBXFileReference; lastKnownFileType = sourcecode.swift; path = WebViewUIDelegate.swift; sourceTree = "<group>"; };
		2AF550992818CAFB00D6FBA1 /* index.html */ = {isa = PBXFileReference; lastKnownFileType = text.html; path = index.html; sourceTree = "<group>"; };
		D87B9034281FFF8700DF8CF1 /* HybridWeb.entitlements */ = {isa = PBXFileReference; lastKnownFileType = text.plist.entitlements; path = HybridWeb.entitlements; sourceTree = "<group>"; };
		D87B90352820001800DF8CF1 /* GoogleService-Info-dev.plist */ = {isa = PBXFileReference; fileEncoding = 4; lastKnownFileType = text.plist.xml; name = "GoogleService-Info-dev.plist"; path = "../../../../Downloads/GoogleService-Info-dev.plist"; sourceTree = "<group>"; };
		D87B903A282011A700DF8CF1 /* GoogleService-Info-dev.plist */ = {isa = PBXFileReference; lastKnownFileType = text.plist.xml; path = "GoogleService-Info-dev.plist"; sourceTree = "<group>"; };
		D87B903B2820125200DF8CF1 /* GoogleService-Info-prod.plist */ = {isa = PBXFileReference; fileEncoding = 4; lastKnownFileType = text.plist.xml; name = "GoogleService-Info-prod.plist"; path = "../../../../../Downloads/GoogleService-Info-prod.plist"; sourceTree = "<group>"; };
		D8F8952728180FA7006BB149 /* HybridWeb.app */ = {isa = PBXFileReference; explicitFileType = wrapper.application; includeInIndex = 0; path = HybridWeb.app; sourceTree = BUILT_PRODUCTS_DIR; };
		D8F8952A28180FA7006BB149 /* HybridWebApp.swift */ = {isa = PBXFileReference; lastKnownFileType = sourcecode.swift; path = HybridWebApp.swift; sourceTree = "<group>"; };
		D8F8952C28180FA7006BB149 /* ContentView.swift */ = {isa = PBXFileReference; lastKnownFileType = sourcecode.swift; path = ContentView.swift; sourceTree = "<group>"; };
		D8F8952E28180FA9006BB149 /* Assets.xcassets */ = {isa = PBXFileReference; lastKnownFileType = folder.assetcatalog; path = Assets.xcassets; sourceTree = "<group>"; };
		D8F8953128180FA9006BB149 /* Preview Assets.xcassets */ = {isa = PBXFileReference; lastKnownFileType = folder.assetcatalog; path = "Preview Assets.xcassets"; sourceTree = "<group>"; };
		D8F8953828180FD1006BB149 /* MainWebView.swift */ = {isa = PBXFileReference; lastKnownFileType = sourcecode.swift; path = MainWebView.swift; sourceTree = "<group>"; };
/* End PBXFileReference section */

/* Begin PBXFrameworksBuildPhase section */
		D8F8952428180FA7006BB149 /* Frameworks */ = {
			isa = PBXFrameworksBuildPhase;
			buildActionMask = 2147483647;
			files = (
				D87B9033281FFEF500DF8CF1 /* FirebaseMessaging in Frameworks */,
				D87B9031281FFEF500DF8CF1 /* FirebaseAnalytics in Frameworks */,
			);
			runOnlyForDeploymentPostprocessing = 0;
		};
/* End PBXFrameworksBuildPhase section */

/* Begin PBXGroup section */
		2AF550882818BF9300D6FBA1 /* WebView */ = {
			isa = PBXGroup;
			children = (
				D8F8953828180FD1006BB149 /* MainWebView.swift */,
				2AF5508F2818C0E600D6FBA1 /* WebViewUIDelegate.swift */,
				2AF5508D2818C0B200D6FBA1 /* WebViewNavigationDelegate.swift */,
				2AF5508B2818C02000D6FBA1 /* WebViewScriptMessageHandler.swift */,
				2AF550892818BFCA00D6FBA1 /* WebViewConfig.swift */,
				2A60FDB5281F5D5500AA1205 /* WebViewModel.swift */,
			);
			path = WebView;
			sourceTree = "<group>";
		};
		D87B90392820118400DF8CF1 /* Firebase */ = {
			isa = PBXGroup;
			children = (
				D87B903B2820125200DF8CF1 /* GoogleService-Info-prod.plist */,
				D87B903A282011A700DF8CF1 /* GoogleService-Info-dev.plist */,
			);
			path = Firebase;
			sourceTree = "<group>";
		};
		D8F8951E28180FA7006BB149 = {
			isa = PBXGroup;
			children = (
				2A60FDB4281F55E000AA1205 /* README.md */,
				D8F8952928180FA7006BB149 /* HybridWeb */,
				D8F8952828180FA7006BB149 /* Products */,
			);
			sourceTree = "<group>";
		};
		D8F8952828180FA7006BB149 /* Products */ = {
			isa = PBXGroup;
			children = (
				D8F8952728180FA7006BB149 /* HybridWeb.app */,
			);
			name = Products;
			sourceTree = "<group>";
		};
		D8F8952928180FA7006BB149 /* HybridWeb */ = {
			isa = PBXGroup;
			children = (
				D87B90392820118400DF8CF1 /* Firebase */,
				D87B9034281FFF8700DF8CF1 /* HybridWeb.entitlements */,
				2A60FDB3281A87EC00AA1205 /* Info.plist */,
				2AF550882818BF9300D6FBA1 /* WebView */,
				D8F8952A28180FA7006BB149 /* HybridWebApp.swift */,
				D8F8952C28180FA7006BB149 /* ContentView.swift */,
				D87B90352820001800DF8CF1 /* GoogleService-Info-dev.plist */,
				D8F8952E28180FA9006BB149 /* Assets.xcassets */,
				D8F8953028180FA9006BB149 /* Preview Content */,
				2AF550992818CAFB00D6FBA1 /* index.html */,
				2A5936BA281FB68800E0E3BE /* AppAlert.swift */,
			);
			path = HybridWeb;
			sourceTree = "<group>";
		};
		D8F8953028180FA9006BB149 /* Preview Content */ = {
			isa = PBXGroup;
			children = (
				D8F8953128180FA9006BB149 /* Preview Assets.xcassets */,
			);
			path = "Preview Content";
			sourceTree = "<group>";
		};
/* End PBXGroup section */

/* Begin PBXNativeTarget section */
		D8F8952628180FA7006BB149 /* HybridWeb */ = {
			isa = PBXNativeTarget;
			buildConfigurationList = D8F8953528180FA9006BB149 /* Build configuration list for PBXNativeTarget "HybridWeb" */;
			buildPhases = (
				D8F8952328180FA7006BB149 /* Sources */,
				D8F8952428180FA7006BB149 /* Frameworks */,
				D8F8952528180FA7006BB149 /* Resources */,
				D87B903D282012E200DF8CF1 /* Firebase info plist */,
			);
			buildRules = (
			);
			dependencies = (
			);
			name = HybridWeb;
			packageProductDependencies = (
				D87B9030281FFEF500DF8CF1 /* FirebaseAnalytics */,
				D87B9032281FFEF500DF8CF1 /* FirebaseMessaging */,
			);
			productName = HybridWeb;
			productReference = D8F8952728180FA7006BB149 /* HybridWeb.app */;
			productType = "com.apple.product-type.application";
		};
/* End PBXNativeTarget section */

/* Begin PBXProject section */
		D8F8951F28180FA7006BB149 /* Project object */ = {
			isa = PBXProject;
			attributes = {
				BuildIndependentTargetsInParallel = 1;
				LastSwiftUpdateCheck = 1330;
				LastUpgradeCheck = 1330;
				TargetAttributes = {
					D8F8952628180FA7006BB149 = {
						CreatedOnToolsVersion = 13.3.1;
					};
				};
			};
			buildConfigurationList = D8F8952228180FA7006BB149 /* Build configuration list for PBXProject "HybridWeb" */;
			compatibilityVersion = "Xcode 13.0";
			developmentRegion = en;
			hasScannedForEncodings = 0;
			knownRegions = (
				en,
				Base,
			);
			mainGroup = D8F8951E28180FA7006BB149;
			packageReferences = (
				D87B902F281FFEF500DF8CF1 /* XCRemoteSwiftPackageReference "firebase-ios-sdk" */,
			);
			productRefGroup = D8F8952828180FA7006BB149 /* Products */;
			projectDirPath = "";
			projectRoot = "";
			targets = (
				D8F8952628180FA7006BB149 /* HybridWeb */,
			);
		};
/* End PBXProject section */

/* Begin PBXResourcesBuildPhase section */
		D8F8952528180FA7006BB149 /* Resources */ = {
			isa = PBXResourcesBuildPhase;
			buildActionMask = 2147483647;
			files = (
				2AF5509A2818CAFB00D6FBA1 /* index.html in Resources */,
				D87B90362820001800DF8CF1 /* GoogleService-Info-dev.plist in Resources */,
				D8F8953228180FA9006BB149 /* Preview Assets.xcassets in Resources */,
				D87B903C2820125300DF8CF1 /* GoogleService-Info-prod.plist in Resources */,
				D8F8952F28180FA9006BB149 /* Assets.xcassets in Resources */,
			);
			runOnlyForDeploymentPostprocessing = 0;
		};
/* End PBXResourcesBuildPhase section */

/* Begin PBXShellScriptBuildPhase section */
		D87B903D282012E200DF8CF1 /* Firebase info plist */ = {
			isa = PBXShellScriptBuildPhase;
			buildActionMask = 2147483647;
			files = (
			);
			inputFileListPaths = (
			);
			inputPaths = (
			);
			name = "Firebase info plist";
			outputFileListPaths = (
			);
			outputPaths = (
			);
			runOnlyForDeploymentPostprocessing = 0;
			shellPath = /bin/sh;
			shellScript = "# Type a script or drag a script file from your workspace to insert its path.\n#파이어베이스 인포 리스트 올리기 개발, 운영 \nPATH_TO_GOOGLE_PLISTS=\"${PROJECT_DIR}/${PRODUCT_NAME}/Firebase\"\n\ncase \"${CONFIGURATION}\" in\n  \"Debug\" )\ncp -r \"$SRCROOT/${PRODUCT_NAME}/Firebase/GoogleService-Info-dev.plist\" \"${BUILT_PRODUCTS_DIR}/${PRODUCT_NAME}.app/GoogleService-Info.plist\" ;;\n  \"Release\" )\ncp -r \"$SRCROOT/${PRODUCT_NAME}/Firebase/GoogleService-Info-prod.plist\" \"${BUILT_PRODUCTS_DIR}/${PRODUCT_NAME}.app/GoogleService-Info.plist\" ;;\n*)\n;;\nesac\n";
		};
/* End PBXShellScriptBuildPhase section */

/* Begin PBXSourcesBuildPhase section */
		D8F8952328180FA7006BB149 /* Sources */ = {
			isa = PBXSourcesBuildPhase;
			buildActionMask = 2147483647;
			files = (
				D8F8952D28180FA7006BB149 /* ContentView.swift in Sources */,
				2AF5508A2818BFCA00D6FBA1 /* WebViewConfig.swift in Sources */,
				2A5936BB281FB68800E0E3BE /* AppAlert.swift in Sources */,
				2AF5508E2818C0B200D6FBA1 /* WebViewNavigationDelegate.swift in Sources */,
				D8F8953928180FD1006BB149 /* MainWebView.swift in Sources */,
				2AF5508C2818C02000D6FBA1 /* WebViewScriptMessageHandler.swift in Sources */,
				D8F8952B28180FA7006BB149 /* HybridWebApp.swift in Sources */,
				2AF550902818C0E600D6FBA1 /* WebViewUIDelegate.swift in Sources */,
				2A60FDB6281F5D5500AA1205 /* WebViewModel.swift in Sources */,
			);
			runOnlyForDeploymentPostprocessing = 0;
		};
/* End PBXSourcesBuildPhase section */

/* Begin XCBuildConfiguration section */
		D8F8953328180FA9006BB149 /* Debug */ = {
			isa = XCBuildConfiguration;
			buildSettings = {
				ALWAYS_SEARCH_USER_PATHS = NO;
				CLANG_ANALYZER_NONNULL = YES;
				CLANG_ANALYZER_NUMBER_OBJECT_CONVERSION = YES_AGGRESSIVE;
				CLANG_CXX_LANGUAGE_STANDARD = "gnu++17";
				CLANG_ENABLE_MODULES = YES;
				CLANG_ENABLE_OBJC_ARC = YES;
				CLANG_ENABLE_OBJC_WEAK = YES;
				CLANG_WARN_BLOCK_CAPTURE_AUTORELEASING = YES;
				CLANG_WARN_BOOL_CONVERSION = YES;
				CLANG_WARN_COMMA = YES;
				CLANG_WARN_CONSTANT_CONVERSION = YES;
				CLANG_WARN_DEPRECATED_OBJC_IMPLEMENTATIONS = YES;
				CLANG_WARN_DIRECT_OBJC_ISA_USAGE = YES_ERROR;
				CLANG_WARN_DOCUMENTATION_COMMENTS = YES;
				CLANG_WARN_EMPTY_BODY = YES;
				CLANG_WARN_ENUM_CONVERSION = YES;
				CLANG_WARN_INFINITE_RECURSION = YES;
				CLANG_WARN_INT_CONVERSION = YES;
				CLANG_WARN_NON_LITERAL_NULL_CONVERSION = YES;
				CLANG_WARN_OBJC_IMPLICIT_RETAIN_SELF = YES;
				CLANG_WARN_OBJC_LITERAL_CONVERSION = YES;
				CLANG_WARN_OBJC_ROOT_CLASS = YES_ERROR;
				CLANG_WARN_QUOTED_INCLUDE_IN_FRAMEWORK_HEADER = YES;
				CLANG_WARN_RANGE_LOOP_ANALYSIS = YES;
				CLANG_WARN_STRICT_PROTOTYPES = YES;
				CLANG_WARN_SUSPICIOUS_MOVE = YES;
				CLANG_WARN_UNGUARDED_AVAILABILITY = YES_AGGRESSIVE;
				CLANG_WARN_UNREACHABLE_CODE = YES;
				CLANG_WARN__DUPLICATE_METHOD_MATCH = YES;
				COPY_PHASE_STRIP = NO;
				DEBUG_INFORMATION_FORMAT = dwarf;
				ENABLE_STRICT_OBJC_MSGSEND = YES;
				ENABLE_TESTABILITY = YES;
				GCC_C_LANGUAGE_STANDARD = gnu11;
				GCC_DYNAMIC_NO_PIC = NO;
				GCC_NO_COMMON_BLOCKS = YES;
				GCC_OPTIMIZATION_LEVEL = 0;
				GCC_PREPROCESSOR_DEFINITIONS = (
					"DEBUG=1",
					"$(inherited)",
				);
				GCC_WARN_64_TO_32_BIT_CONVERSION = YES;
				GCC_WARN_ABOUT_RETURN_TYPE = YES_ERROR;
				GCC_WARN_UNDECLARED_SELECTOR = YES;
				GCC_WARN_UNINITIALIZED_AUTOS = YES_AGGRESSIVE;
				GCC_WARN_UNUSED_FUNCTION = YES;
				GCC_WARN_UNUSED_VARIABLE = YES;
				IPHONEOS_DEPLOYMENT_TARGET = 14.0;
				MTL_ENABLE_DEBUG_INFO = INCLUDE_SOURCE;
				MTL_FAST_MATH = YES;
				ONLY_ACTIVE_ARCH = YES;
				SDKROOT = iphoneos;
				SWIFT_ACTIVE_COMPILATION_CONDITIONS = DEBUG;
				SWIFT_OPTIMIZATION_LEVEL = "-Onone";
			};
			name = Debug;
		};
		D8F8953428180FA9006BB149 /* Release */ = {
			isa = XCBuildConfiguration;
			buildSettings = {
				ALWAYS_SEARCH_USER_PATHS = NO;
				CLANG_ANALYZER_NONNULL = YES;
				CLANG_ANALYZER_NUMBER_OBJECT_CONVERSION = YES_AGGRESSIVE;
				CLANG_CXX_LANGUAGE_STANDARD = "gnu++17";
				CLANG_ENABLE_MODULES = YES;
				CLANG_ENABLE_OBJC_ARC = YES;
				CLANG_ENABLE_OBJC_WEAK = YES;
				CLANG_WARN_BLOCK_CAPTURE_AUTORELEASING = YES;
				CLANG_WARN_BOOL_CONVERSION = YES;
				CLANG_WARN_COMMA = YES;
				CLANG_WARN_CONSTANT_CONVERSION = YES;
				CLANG_WARN_DEPRECATED_OBJC_IMPLEMENTATIONS = YES;
				CLANG_WARN_DIRECT_OBJC_ISA_USAGE = YES_ERROR;
				CLANG_WARN_DOCUMENTATION_COMMENTS = YES;
				CLANG_WARN_EMPTY_BODY = YES;
				CLANG_WARN_ENUM_CONVERSION = YES;
				CLANG_WARN_INFINITE_RECURSION = YES;
				CLANG_WARN_INT_CONVERSION = YES;
				CLANG_WARN_NON_LITERAL_NULL_CONVERSION = YES;
				CLANG_WARN_OBJC_IMPLICIT_RETAIN_SELF = YES;
				CLANG_WARN_OBJC_LITERAL_CONVERSION = YES;
				CLANG_WARN_OBJC_ROOT_CLASS = YES_ERROR;
				CLANG_WARN_QUOTED_INCLUDE_IN_FRAMEWORK_HEADER = YES;
				CLANG_WARN_RANGE_LOOP_ANALYSIS = YES;
				CLANG_WARN_STRICT_PROTOTYPES = YES;
				CLANG_WARN_SUSPICIOUS_MOVE = YES;
				CLANG_WARN_UNGUARDED_AVAILABILITY = YES_AGGRESSIVE;
				CLANG_WARN_UNREACHABLE_CODE = YES;
				CLANG_WARN__DUPLICATE_METHOD_MATCH = YES;
				COPY_PHASE_STRIP = NO;
				DEBUG_INFORMATION_FORMAT = "dwarf-with-dsym";
				ENABLE_NS_ASSERTIONS = NO;
				ENABLE_STRICT_OBJC_MSGSEND = YES;
				GCC_C_LANGUAGE_STANDARD = gnu11;
				GCC_NO_COMMON_BLOCKS = YES;
				GCC_WARN_64_TO_32_BIT_CONVERSION = YES;
				GCC_WARN_ABOUT_RETURN_TYPE = YES_ERROR;
				GCC_WARN_UNDECLARED_SELECTOR = YES;
				GCC_WARN_UNINITIALIZED_AUTOS = YES_AGGRESSIVE;
				GCC_WARN_UNUSED_FUNCTION = YES;
				GCC_WARN_UNUSED_VARIABLE = YES;
				IPHONEOS_DEPLOYMENT_TARGET = 14.0;
				MTL_ENABLE_DEBUG_INFO = NO;
				MTL_FAST_MATH = YES;
				SDKROOT = iphoneos;
				SWIFT_COMPILATION_MODE = wholemodule;
				SWIFT_OPTIMIZATION_LEVEL = "-O";
				VALIDATE_PRODUCT = YES;
			};
			name = Release;
		};
		D8F8953628180FA9006BB149 /* Debug */ = {
			isa = XCBuildConfiguration;
			buildSettings = {
				ASSETCATALOG_COMPILER_APPICON_NAME = AppIcon;
				ASSETCATALOG_COMPILER_GLOBAL_ACCENT_COLOR_NAME = AccentColor;
				CODE_SIGN_ENTITLEMENTS = HybridWeb/HybridWeb.entitlements;
				CODE_SIGN_STYLE = Automatic;
				CURRENT_PROJECT_VERSION = 1;
				DEVELOPMENT_ASSET_PATHS = "\"HybridWeb/Preview Content\"";
				DEVELOPMENT_TEAM = 9AFL4TRMR2;
				ENABLE_PREVIEWS = YES;
				GENERATE_INFOPLIST_FILE = YES;
				INFOPLIST_FILE = HybridWeb/Info.plist;
				INFOPLIST_KEY_NSLocationWhenInUseUsageDescription = "$(PRODUCT_NAME)앱은 내위치 기반 날씨 정보 서비스 및 네비게이션 서비스를 위하여 위치정보를 필요로 합니다.";
				INFOPLIST_KEY_UIApplicationSceneManifest_Generation = YES;
				INFOPLIST_KEY_UIApplicationSupportsIndirectInputEvents = YES;
				INFOPLIST_KEY_UILaunchScreen_Generation = YES;
				INFOPLIST_KEY_UISupportedInterfaceOrientations_iPad = "UIInterfaceOrientationPortrait UIInterfaceOrientationPortraitUpsideDown UIInterfaceOrientationLandscapeLeft UIInterfaceOrientationLandscapeRight";
				INFOPLIST_KEY_UISupportedInterfaceOrientations_iPhone = "UIInterfaceOrientationPortrait UIInterfaceOrientationLandscapeLeft UIInterfaceOrientationLandscapeRight";
				LD_RUNPATH_SEARCH_PATHS = (
					"$(inherited)",
					"@executable_path/Frameworks",
				);
				MARKETING_VERSION = 1.0;
				PRODUCT_BUNDLE_IDENTIFIER = "kr.co.nextez.HybridWeb-dev";
				PRODUCT_NAME = "$(TARGET_NAME)";
				SWIFT_EMIT_LOC_STRINGS = YES;
				SWIFT_VERSION = 5.0;
				TARGETED_DEVICE_FAMILY = 1;
			};
			name = Debug;
		};
		D8F8953728180FA9006BB149 /* Release */ = {
			isa = XCBuildConfiguration;
			buildSettings = {
				ASSETCATALOG_COMPILER_APPICON_NAME = AppIcon;
				ASSETCATALOG_COMPILER_GLOBAL_ACCENT_COLOR_NAME = AccentColor;
				CODE_SIGN_ENTITLEMENTS = HybridWeb/HybridWeb.entitlements;
				CODE_SIGN_STYLE = Automatic;
				CURRENT_PROJECT_VERSION = 1;
				DEVELOPMENT_ASSET_PATHS = "\"HybridWeb/Preview Content\"";
				DEVELOPMENT_TEAM = 9AFL4TRMR2;
				ENABLE_PREVIEWS = YES;
				GENERATE_INFOPLIST_FILE = YES;
				INFOPLIST_FILE = HybridWeb/Info.plist;
				INFOPLIST_KEY_NSLocationWhenInUseUsageDescription = "$(PRODUCT_NAME)앱은 내위치 기반 날씨 정보 서비스 및 네비게이션 서비스를 위하여 위치정보를 필요로 합니다.";
				INFOPLIST_KEY_UIApplicationSceneManifest_Generation = YES;
				INFOPLIST_KEY_UIApplicationSupportsIndirectInputEvents = YES;
				INFOPLIST_KEY_UILaunchScreen_Generation = YES;
				INFOPLIST_KEY_UISupportedInterfaceOrientations_iPad = "UIInterfaceOrientationPortrait UIInterfaceOrientationPortraitUpsideDown UIInterfaceOrientationLandscapeLeft UIInterfaceOrientationLandscapeRight";
				INFOPLIST_KEY_UISupportedInterfaceOrientations_iPhone = "UIInterfaceOrientationPortrait UIInterfaceOrientationLandscapeLeft UIInterfaceOrientationLandscapeRight";
				LD_RUNPATH_SEARCH_PATHS = (
					"$(inherited)",
					"@executable_path/Frameworks",
				);
				MARKETING_VERSION = 1.0;
				PRODUCT_BUNDLE_IDENTIFIER = "kr.co.nextez.HybridWeb-prod";
				PRODUCT_NAME = "$(TARGET_NAME)";
				SWIFT_EMIT_LOC_STRINGS = YES;
				SWIFT_VERSION = 5.0;
				TARGETED_DEVICE_FAMILY = 1;
			};
			name = Release;
		};
/* End XCBuildConfiguration section */

/* Begin XCConfigurationList section */
		D8F8952228180FA7006BB149 /* Build configuration list for PBXProject "HybridWeb" */ = {
			isa = XCConfigurationList;
			buildConfigurations = (
				D8F8953328180FA9006BB149 /* Debug */,
				D8F8953428180FA9006BB149 /* Release */,
			);
			defaultConfigurationIsVisible = 0;
			defaultConfigurationName = Release;
		};
		D8F8953528180FA9006BB149 /* Build configuration list for PBXNativeTarget "HybridWeb" */ = {
			isa = XCConfigurationList;
			buildConfigurations = (
				D8F8953628180FA9006BB149 /* Debug */,
				D8F8953728180FA9006BB149 /* Release */,
			);
			defaultConfigurationIsVisible = 0;
			defaultConfigurationName = Release;
		};
/* End XCConfigurationList section */

/* Begin XCRemoteSwiftPackageReference section */
		D87B902F281FFEF500DF8CF1 /* XCRemoteSwiftPackageReference "firebase-ios-sdk" */ = {
			isa = XCRemoteSwiftPackageReference;
			repositoryURL = "https://github.com/firebase/firebase-ios-sdk";
			requirement = {
				kind = upToNextMajorVersion;
				minimumVersion = 8.0.0;
			};
		};
/* End XCRemoteSwiftPackageReference section */

/* Begin XCSwiftPackageProductDependency section */
		D87B9030281FFEF500DF8CF1 /* FirebaseAnalytics */ = {
			isa = XCSwiftPackageProductDependency;
			package = D87B902F281FFEF500DF8CF1 /* XCRemoteSwiftPackageReference "firebase-ios-sdk" */;
			productName = FirebaseAnalytics;
		};
		D87B9032281FFEF500DF8CF1 /* FirebaseMessaging */ = {
			isa = XCSwiftPackageProductDependency;
			package = D87B902F281FFEF500DF8CF1 /* XCRemoteSwiftPackageReference "firebase-ios-sdk" */;
			productName = FirebaseMessaging;
		};
/* End XCSwiftPackageProductDependency section */
	};
	rootObject = D8F8951F28180FA7006BB149 /* Project object */;
}
